
Microsoft Visual Studio Solution File, Format Version 12.00
# Visual Studio Version 17
VisualStudioVersion = 17.5.33627.172
MinimumVisualStudioVersion = 10.0.40219.1
Project("{FAE04EC0-301F-11D3-BF4B-00C04F79EFBC}") = "SimpleBackground", "SimpleBackground\SimpleBackground.csproj", "{EF426A22-CCAC-41C3-9DAC-BDCFFD77F7E7}"
EndProject
Global
	GlobalSection(SolutionConfigurationPlatforms) = preSolution
		Debug|Any CPU = Debug|Any CPU
		Release|Any CPU = Release|Any CPU
	EndGlobalSection
	GlobalSection(ProjectConfigurationPlatforms) = postSolution
		{EF426A22-CCAC-41C3-9DAC-BDCFFD77F7E7}.Debug|Any CPU.ActiveCfg = Debug|Any CPU
		{EF426A22-CCAC-41C3-9DAC-BDCFFD77F7E7}.Debug|Any CPU.Build.0 = Debug|Any CPU
		{EF426A22-CCAC-41C3-9DAC-BDCFFD77F7E7}.Release|Any CPU.ActiveCfg = Release|Any CPU
		{EF426A22-CCAC-41C3-9DAC-BDCFFD77F7E7}.Release|Any CPU.Build.0 = Release|Any CPU
	EndGlobalSection
	GlobalSection(SolutionProperties) = preSolution
		HideSolutionNode = FALSE
	EndGlobalSection
	GlobalSection(ExtensibilityGlobals) = postSolution
		SolutionGuid = {6E690F9A-CB0F-482F-9812-6EF187D4B4BC}
	EndGlobalSection
EndGlobal
